Microsoft Visual Studio Solution File, Format Version 11.00
# Visual Studio 2008

Project("{C775C1AF-3716-2028-2F46-E948A7278E78}") = "Cube Game", "Assembly-UnityScript.unityproj", "{513C5AED-5844-7A39-BC00-EC9C008E45F5}"
EndProject
Global
	GlobalSection(SolutionConfigurationPlatforms) = preSolution
		Debug|Any CPU = Debug|Any CPU
		Release|Any CPU = Release|Any CPU
	EndGlobalSection
	GlobalSection(ProjectConfigurationPlatforms) = postSolution
		{513C5AED-5844-7A39-BC00-EC9C008E45F5}.Debug|Any CPU.ActiveCfg = Debug|Any CPU
		{513C5AED-5844-7A39-BC00-EC9C008E45F5}.Debug|Any CPU.Build.0 = Debug|Any CPU
		{513C5AED-5844-7A39-BC00-EC9C008E45F5}.Release|Any CPU.ActiveCfg = Release|Any CPU
		{513C5AED-5844-7A39-BC00-EC9C008E45F5}.Release|Any CPU.Build.0 = Release|Any CPU
	EndGlobalSection
	GlobalSection(SolutionProperties) = preSolution
		HideSolutionNode = FALSE
	EndGlobalSection
						GlobalSection(MonoDevelopProperties) = preSolution
		StartupItem = Assembly-CSharp.csproj
	EndGlobalSection

EndGlobal
